
Microsoft Visual Studio Solution File, Format Version 12.00
# Visual Studio Version 16
VisualStudioVersion = 16.0.32802.440
MinimumVisualStudioVersion = 10.0.40219.1
Project("{FAE04EC0-301F-11D3-BF4B-00C04F79EFBC}") = "WindowsFormsApp8", "WindowsFormsApp8\WindowsFormsApp8.csproj", "{0DBB4B74-4AE8-4DA1-8353-945C07D5ACF1}"
EndProject
Global
	GlobalSection(SolutionConfigurationPlatforms) = preSolution
		Debug|Any CPU = Debug|Any CPU
		Release|Any CPU = Release|Any CPU
	EndGlobalSection
	GlobalSection(ProjectConfigurationPlatforms) = postSolution
		{0DBB4B74-4AE8-4DA1-8353-945C07D5ACF1}.Debug|Any CPU.ActiveCfg = Debug|Any CPU
		{0DBB4B74-4AE8-4DA1-8353-945C07D5ACF1}.Debug|Any CPU.Build.0 = Debug|Any CPU
		{0DBB4B74-4AE8-4DA1-8353-945C07D5ACF1}.Release|Any CPU.ActiveCfg = Release|Any CPU
		{0DBB4B74-4AE8-4DA1-8353-945C07D5ACF1}.Release|Any CPU.Build.0 = Release|Any CPU
	EndGlobalSection
	GlobalSection(SolutionProperties) = preSolution
		HideSolutionNode = FALSE
	EndGlobalSection
	GlobalSection(ExtensibilityGlobals) = postSolution
		SolutionGuid = {333503E9-BA96-43B8-9CDE-983D8C2EC503}
	EndGlobalSection
EndGlobal
